// !$*UTF8*$!
{
	archiveVersion = 1;
	classes = {
	};
	objectVersion = 50;
	objects = {

/* Begin PBXBuildFile section */
		BA6B7C36250C9B4500A73977 /* AppDelegate.swift in Sources */ = {isa = PBXBuildFile; fileRef = BA6B7C35250C9B4500A73977 /* AppDelegate.swift */; };
		BA6B7C38250C9B4500A73977 /* SceneDelegate.swift in Sources */ = {isa = PBXBuildFile; fileRef = BA6B7C37250C9B4500A73977 /* SceneDelegate.swift */; };
		BA6B7C3A250C9B4500A73977 /* ViewController.swift in Sources */ = {isa = PBXBuildFile; fileRef = BA6B7C39250C9B4500A73977 /* ViewController.swift */; };
		BA6B7C3D250C9B4500A73977 /* Main.storyboard in Resources */ = {isa = PBXBuildFile; fileRef = BA6B7C3B250C9B4500A73977 /* Main.storyboard */; };
		BA6B7C3F250C9B4800A73977 /* Assets.xcassets in Resources */ = {isa = PBXBuildFile; fileRef = BA6B7C3E250C9B4800A73977 /* Assets.xcassets */; };
		BA6B7C42250C9B4800A73977 /* LaunchScreen.storyboard in Resources */ = {isa = PBXBuildFile; fileRef = BA6B7C40250C9B4800A73977 /* LaunchScreen.storyboard */; };
/* End PBXBuildFile section */

/* Begin PBXFileReference section */
		BA6B7C32250C9B4500A73977 /* a207Map.app */ = {isa = PBXFileReference; explicitFileType = wrapper.application; includeInIndex = 0; path = a207Map.app; sourceTree = BUILT_PRODUCTS_DIR; };
		BA6B7C35250C9B4500A73977 /* AppDelegate.swift */ = {isa = PBXFileReference; lastKnownFileType = sourcecode.swift; path = AppDelegate.swift; sourceTree = "<group>"; };
		BA6B7C37250C9B4500A73977 /* SceneDelegate.swift */ = {isa = PBXFileReference; lastKnownFileType = sourcecode.swift; path = SceneDelegate.swift; sourceTree = "<group>"; };
		BA6B7C39250C9B4500A73977 /* ViewController.swift */ = {isa = PBXFileReference; lastKnownFileType = sourcecode.swift; path = ViewController.swift; sourceTree = "<group>"; };
		BA6B7C3C250C9B4500A73977 /* Base */ = {isa = PBXFileReference; lastKnownFileType = file.storyboard; name = Base; path = Base.lproj/Main.storyboard; sourceTree = "<group>"; };
		BA6B7C3E250C9B4800A73977 /* Assets.xcassets */ = {isa = PBXFileReference; lastKnownFileType = folder.assetcatalog; path = Assets.xcassets; sourceTree = "<group>"; };
		BA6B7C41250C9B4800A73977 /* Base */ = {isa = PBXFileReference; lastKnownFileType = file.storyboard; name = Base; path = Base.lproj/LaunchScreen.storyboard; sourceTree = "<group>"; };
		BA6B7C43250C9B4800A73977 /* Info.plist */ = {isa = PBXFileReference; lastKnownFileType = text.plist.xml; path = Info.plist; sourceTree = "<group>"; };
/* End PBXFileReference section */

/* Begin PBXFrameworksBuildPhase section */
		BA6B7C2F250C9B4500A73977 /* Frameworks */ = {
			isa = PBXFrameworksBuildPhase;
			buildActionMask = 2147483647;
			files = (
			);
			runOnlyForDeploymentPostprocessing = 0;
		};
/* End PBXFrameworksBuildPhase section */

/* Begin PBXGroup section */
		BA6B7C29250C9B4500A73977 = {
			isa = PBXGroup;
			children = (
				BA6B7C34250C9B4500A73977 /* a207Map */,
				BA6B7C33250C9B4500A73977 /* Products */,
			);
			sourceTree = "<group>";
		};
		BA6B7C33250C9B4500A73977 /* Products */ = {
			isa = PBXGroup;
			children = (
				BA6B7C32250C9B4500A73977 /* a207Map.app */,
			);
			name = Products;
			sourceTree = "<group>";
		};
		BA6B7C34250C9B4500A73977 /* a207Map */ = {
			isa = PBXGroup;
			children = (
				BA6B7C35250C9B4500A73977 /* AppDelegate.swift */,
				BA6B7C37250C9B4500A73977 /* SceneDelegate.swift */,
				BA6B7C39250C9B4500A73977 /* ViewController.swift */,
				BA6B7C3B250C9B4500A73977 /* Main.storyboard */,
				BA6B7C3E250C9B4800A73977 /* Assets.xcassets */,
				BA6B7C40250C9B4800A73977 /* LaunchScreen.storyboard */,
				BA6B7C43250C9B4800A73977 /* Info.plist */,
			);
			path = a207Map;
			sourceTree = "<group>";
		};
/* End PBXGroup section */

/* Begin PBXNativeTarget section */
		BA6B7C31250C9B4500A73977 /* a207Map */ = {
			isa = PBXNativeTarget;
			buildConfigurationList = BA6B7C46250C9B4800A73977 /* Build configuration list for PBXNativeTarget "a207Map" */;
			buildPhases = (
				BA6B7C2E250C9B4500A73977 /* Sources */,
				BA6B7C2F250C9B4500A73977 /* Frameworks */,
				BA6B7C30250C9B4500A73977 /* Resources */,
			);
			buildRules = (
			);
			dependencies = (
			);
			name = a207Map;
			productName = a207Map;
			productReference = BA6B7C32250C9B4500A73977 /* a207Map.app */;
			productType = "com.apple.product-type.application";
		};
/* End PBXNativeTarget section */

/* Begin PBXProject section */
		BA6B7C2A250C9B4500A73977 /* Project object */ = {
			isa = PBXProject;
			attributes = {
				LastSwiftUpdateCheck = 1170;
				LastUpgradeCheck = 1170;
				ORGANIZATIONNAME = "申潤五";
				TargetAttributes = {
					BA6B7C31250C9B4500A73977 = {
						CreatedOnToolsVersion = 11.7;
					};
				};
			};
			buildConfigurationList = BA6B7C2D250C9B4500A73977 /* Build configuration list for PBXProject "a207Map" */;
			compatibilityVersion = "Xcode 9.3";
			developmentRegion = en;
			hasScannedForEncodings = 0;
			knownRegions = (
				en,
				Base,
			);
			mainGroup = BA6B7C29250C9B4500A73977;
			productRefGroup = BA6B7C33250C9B4500A73977 /* Products */;
			projectDirPath = "";
			projectRoot = "";
			targets = (
				BA6B7C31250C9B4500A73977 /* a207Map */,
			);
		};
/* End PBXProject section */

/* Begin PBXResourcesBuildPhase section */
		BA6B7C30250C9B4500A73977 /* Resources */ = {
			isa = PBXResourcesBuildPhase;
			buildActionMask = 2147483647;
			files = (
				BA6B7C42250C9B4800A73977 /* LaunchScreen.storyboard in Resources */,
				BA6B7C3F250C9B4800A73977 /* Assets.xcassets in Resources */,
				BA6B7C3D250C9B4500A73977 /* Main.storyboard in Resources */,
			);
			runOnlyForDeploymentPostprocessing = 0;
		};
/* End PBXResourcesBuildPhase section */

/* Begin PBXSourcesBuildPhase section */
		BA6B7C2E250C9B4500A73977 /* Sources */ = {
			isa = PBXSourcesBuildPhase;
			buildActionMask = 2147483647;
			files = (
				BA6B7C3A250C9B4500A73977 /* ViewController.swift in Sources */,
				BA6B7C36250C9B4500A73977 /* AppDelegate.swift in Sources */,
				BA6B7C38250C9B4500A73977 /* SceneDelegate.swift in Sources */,
			);
			runOnlyForDeploymentPostprocessing = 0;
		};
/* End PBXSourcesBuildPhase section */

/* Begin PBXVariantGroup section */
		BA6B7C3B250C9B4500A73977 /* Main.storyboard */ = {
			isa = PBXVariantGroup;
			children = (
				BA6B7C3C250C9B4500A73977 /* Base */,
			);
			name = Main.storyboard;
			sourceTree = "<group>";
		};
		BA6B7C40250C9B4800A73977 /* LaunchScreen.storyboard */ = {
			isa = PBXVariantGroup;
			children = (
				BA6B7C41250C9B4800A73977 /* Base */,
			);
			name = LaunchScreen.storyboard;
			sourceTree = "<group>";
		};
/* End PBXVariantGroup section */

/* Begin XCBuildConfiguration section */
		BA6B7C44250C9B4800A73977 /* Debug */ = {
			isa = XCBuildConfiguration;
			buildSettings = {
				ALWAYS_SEARCH_USER_PATHS = NO;
				CLANG_ANALYZER_NONNULL = YES;
				CLANG_ANALYZER_NUMBER_OBJECT_CONVERSION = YES_AGGRESSIVE;
				CLANG_CXX_LANGUAGE_STANDARD = "gnu++14";
				CLANG_CXX_LIBRARY = "libc++";
				CLANG_ENABLE_MODULES = YES;
				CLANG_ENABLE_OBJC_ARC = YES;
				CLANG_ENABLE_OBJC_WEAK = YES;
				CLANG_WARN_BLOCK_CAPTURE_AUTORELEASING = YES;
				CLANG_WARN_BOOL_CONVERSION = YES;
				CLANG_WARN_COMMA = YES;
				CLANG_WARN_CONSTANT_CONVERSION = YES;
				CLANG_WARN_DEPRECATED_OBJC_IMPLEMENTATIONS = YES;
				CLANG_WARN_DIRECT_OBJC_ISA_USAGE = YES_ERROR;
				CLANG_WARN_DOCUMENTATION_COMMENTS = YES;
				CLANG_WARN_EMPTY_BODY = YES;
				CLANG_WARN_ENUM_CONVERSION = YES;
				CLANG_WARN_INFINITE_RECURSION = YES;
				CLANG_WARN_INT_CONVERSION = YES;
				CLANG_WARN_NON_LITERAL_NULL_CONVERSION = YES;
				CLANG_WARN_OBJC_IMPLICIT_RETAIN_SELF = YES;
				CLANG_WARN_OBJC_LITERAL_CONVERSION = YES;
				CLANG_WARN_OBJC_ROOT_CLASS = YES_ERROR;
				CLANG_WARN_RANGE_LOOP_ANALYSIS = YES;
				CLANG_WARN_STRICT_PROTOTYPES = YES;
				CLANG_WARN_SUSPICIOUS_MOVE = YES;
				CLANG_WARN_UNGUARDED_AVAILABILITY = YES_AGGRESSIVE;
				CLANG_WARN_UNREACHABLE_CODE = YES;
				CLANG_WARN__DUPLICATE_METHOD_MATCH = YES;
				COPY_PHASE_STRIP = NO;
				DEBUG_INFORMATION_FORMAT = dwarf;
				ENABLE_STRICT_OBJC_MSGSEND = YES;
				ENABLE_TESTABILITY = YES;
				GCC_C_LANGUAGE_STANDARD = gnu11;
				GCC_DYNAMIC_NO_PIC = NO;
				GCC_NO_COMMON_BLOCKS = YES;
				GCC_OPTIMIZATION_LEVEL = 0;
				GCC_PREPROCESSOR_DEFINITIONS = (
					"DEBUG=1",
					"$(inherited)",
				);
				GCC_WARN_64_TO_32_BIT_CONVERSION = YES;
				GCC_WARN_ABOUT_RETURN_TYPE = YES_ERROR;
				GCC_WARN_UNDECLARED_SELECTOR = YES;
				GCC_WARN_UNINITIALIZED_AUTOS = YES_AGGRESSIVE;
				GCC_WARN_UNUSED_FUNCTION = YES;
				GCC_WARN_UNUSED_VARIABLE = YES;
				IPHONEOS_DEPLOYMENT_TARGET = 13.7;
				MTL_ENABLE_DEBUG_INFO = INCLUDE_SOURCE;
				MTL_FAST_MATH = YES;
				ONLY_ACTIVE_ARCH = YES;
				SDKROOT = iphoneos;
				SWIFT_ACTIVE_COMPILATION_CONDITIONS = DEBUG;
				SWIFT_OPTIMIZATION_LEVEL = "-Onone";
			};
			name = Debug;
		};
		BA6B7C45250C9B4800A73977 /* Release */ = {
			isa = XCBuildConfiguration;
			buildSettings = {
				ALWAYS_SEARCH_USER_PATHS = NO;
				CLANG_ANALYZER_NONNULL = YES;
				CLANG_ANALYZER_NUMBER_OBJECT_CONVERSION = YES_AGGRESSIVE;
				CLANG_CXX_LANGUAGE_STANDARD = "gnu++14";
				CLANG_CXX_LIBRARY = "libc++";
				CLANG_ENABLE_MODULES = YES;
				CLANG_ENABLE_OBJC_ARC = YES;
				CLANG_ENABLE_OBJC_WEAK = YES;
				CLANG_WARN_BLOCK_CAPTURE_AUTORELEASING = YES;
				CLANG_WARN_BOOL_CONVERSION = YES;
				CLANG_WARN_COMMA = YES;
				CLANG_WARN_CONSTANT_CONVERSION = YES;
				CLANG_WARN_DEPRECATED_OBJC_IMPLEMENTATIONS = YES;
				CLANG_WARN_DIRECT_OBJC_ISA_USAGE = YES_ERROR;
				CLANG_WARN_DOCUMENTATION_COMMENTS = YES;
				CLANG_WARN_EMPTY_BODY = YES;
				CLANG_WARN_ENUM_CONVERSION = YES;
				CLANG_WARN_INFINITE_RECURSION = YES;
				CLANG_WARN_INT_CONVERSION = YES;
				CLANG_WARN_NON_LITERAL_NULL_CONVERSION = YES;
				CLANG_WARN_OBJC_IMPLICIT_RETAIN_SELF = YES;
				CLANG_WARN_OBJC_LITERAL_CONVERSION = YES;
				CLANG_WARN_OBJC_ROOT_CLASS = YES_ERROR;
				CLANG_WARN_RANGE_LOOP_ANALYSIS = YES;
				CLANG_WARN_STRICT_PROTOTYPES = YES;
				CLANG_WARN_SUSPICIOUS_MOVE = YES;
				CLANG_WARN_UNGUARDED_AVAILABILITY = YES_AGGRESSIVE;
				CLANG_WARN_UNREACHABLE_CODE = YES;
				CLANG_WARN__DUPLICATE_METHOD_MATCH = YES;
				COPY_PHASE_STRIP = NO;
				DEBUG_INFORMATION_FORMAT = "dwarf-with-dsym";
				ENABLE_NS_ASSERTIONS = NO;
				ENABLE_STRICT_OBJC_MSGSEND = YES;
				GCC_C_LANGUAGE_STANDARD = gnu11;
				GCC_NO_COMMON_BLOCKS = YES;
				GCC_WARN_64_TO_32_BIT_CONVERSION = YES;
				GCC_WARN_ABOUT_RETURN_TYPE = YES_ERROR;
				GCC_WARN_UNDECLARED_SELECTOR = YES;
				GCC_WARN_UNINITIALIZED_AUTOS = YES_AGGRESSIVE;
				GCC_WARN_UNUSED_FUNCTION = YES;
				GCC_WARN_UNUSED_VARIABLE = YES;
				IPHONEOS_DEPLOYMENT_TARGET = 13.7;
				MTL_ENABLE_DEBUG_INFO = NO;
				MTL_FAST_MATH = YES;
				SDKROOT = iphoneos;
				SWIFT_COMPILATION_MODE = wholemodule;
				SWIFT_OPTIMIZATION_LEVEL = "-O";
				VALIDATE_PRODUCT = YES;
			};
			name = Release;
		};
		BA6B7C47250C9B4800A73977 /* Debug */ = {
			isa = XCBuildConfiguration;
			buildSettings = {
				ASSETCATALOG_COMPILER_APPICON_NAME = AppIcon;
				CODE_SIGN_STYLE = Automatic;
				DEVELOPMENT_TEAM = XSVW22JPST;
				INFOPLIST_FILE = a207Map/Info.plist;
				LD_RUNPATH_SEARCH_PATHS = (
					"$(inherited)",
					"@executable_path/Frameworks",
				);
				PRODUCT_BUNDLE_IDENTIFIER = idev.sjw.a207Map;
				PRODUCT_NAME = "$(TARGET_NAME)";
				SWIFT_VERSION = 5.0;
				TARGETED_DEVICE_FAMILY = "1,2";
			};
			name = Debug;
		};
		BA6B7C48250C9B4800A73977 /* Release */ = {
			isa = XCBuildConfiguration;
			buildSettings = {
				ASSETCATALOG_COMPILER_APPICON_NAME = AppIcon;
				CODE_SIGN_STYLE = Automatic;
				DEVELOPMENT_TEAM = XSVW22JPST;
				INFOPLIST_FILE = a207Map/Info.plist;
				LD_RUNPATH_SEARCH_PATHS = (
					"$(inherited)",
					"@executable_path/Frameworks",
				);
				PRODUCT_BUNDLE_IDENTIFIER = idev.sjw.a207Map;
				PRODUCT_NAME = "$(TARGET_NAME)";
				SWIFT_VERSION = 5.0;
				TARGETED_DEVICE_FAMILY = "1,2";
			};
			name = Release;
		};
/* End XCBuildConfiguration section */

/* Begin XCConfigurationList section */
		BA6B7C2D250C9B4500A73977 /* Build configuration list for PBXProject "a207Map" */ = {
			isa = XCConfigurationList;
			buildConfigurations = (
				BA6B7C44250C9B4800A73977 /* Debug */,
				BA6B7C45250C9B4800A73977 /* Release */,
			);
			defaultConfigurationIsVisible = 0;
			defaultConfigurationName = Release;
		};
		BA6B7C46250C9B4800A73977 /* Build configuration list for PBXNativeTarget "a207Map" */ = {
			isa = XCConfigurationList;
			buildConfigurations = (
				BA6B7C47250C9B4800A73977 /* Debug */,
				BA6B7C48250C9B4800A73977 /* Release */,
			);
			defaultConfigurationIsVisible = 0;
			defaultConfigurationName = Release;
		};
/* End XCConfigurationList section */
	};
	rootObject = BA6B7C2A250C9B4500A73977 /* Project object */;
}
